// !$*UTF8*$!
{
	archiveVersion = 1;
	classes = {
	};
	objectVersion = 46;
	objects = {

/* Begin PBXBuildFile section */
		037463001C7E190F00B619F3 /* AppDelegate.swift in Sources */ = {isa = PBXBuildFile; fileRef = 037462FF1C7E190F00B619F3 /* AppDelegate.swift */; };
		037463021C7E190F00B619F3 /* ViewController.swift in Sources */ = {isa = PBXBuildFile; fileRef = 037463011C7E190F00B619F3 /* ViewController.swift */; };
		037463051C7E190F00B619F3 /* Main.storyboard in Resources */ = {isa = PBXBuildFile; fileRef = 037463031C7E190F00B619F3 /* Main.storyboard */; };
		037463071C7E190F00B619F3 /* Assets.xcassets in Resources */ = {isa = PBXBuildFile; fileRef = 037463061C7E190F00B619F3 /* Assets.xcassets */; };
		0374630A1C7E190F00B619F3 /* LaunchScreen.storyboard in Resources */ = {isa = PBXBuildFile; fileRef = 037463081C7E190F00B619F3 /* LaunchScreen.storyboard */; };
		037463131C7E1A6800B619F3 /* MNReachability.swift in Sources */ = {isa = PBXBuildFile; fileRef = 037463121C7E1A6800B619F3 /* MNReachability.swift */; };
		03CBDDA21C81A17F00A8B6D0 /* CFNetwork.framework in Frameworks */ = {isa = PBXBuildFile; fileRef = 03CBDDA11C81A17F00A8B6D0 /* CFNetwork.framework */; };
		03F1FFA51C7EA85E00ACC58E /* LocalConnection.swift in Sources */ = {isa = PBXBuildFile; fileRef = 03F1FFA41C7EA85E00ACC58E /* LocalConnection.swift */; };
		03F1FFA71C7EA88E00ACC58E /* PingFoundation.swift in Sources */ = {isa = PBXBuildFile; fileRef = 03F1FFA61C7EA88E00ACC58E /* PingFoundation.swift */; };
		03F1FFA91C7EA89D00ACC58E /* PingHelper.swift in Sources */ = {isa = PBXBuildFile; fileRef = 03F1FFA81C7EA89D00ACC58E /* PingHelper.swift */; };
		03F1FFAB1C7EAAFF00ACC58E /* FSMEngine.swift in Sources */ = {isa = PBXBuildFile; fileRef = 03F1FFAA1C7EAAFF00ACC58E /* FSMEngine.swift */; };
		03F1FFAD1C7EAB1200ACC58E /* FSMStateUtil.swift in Sources */ = {isa = PBXBuildFile; fileRef = 03F1FFAC1C7EAB1200ACC58E /* FSMStateUtil.swift */; };
		03F1FFAF1C7EAB2800ACC58E /* ReachState.swift in Sources */ = {isa = PBXBuildFile; fileRef = 03F1FFAE1C7EAB2800ACC58E /* ReachState.swift */; };
		03F1FFB11C7EAB3E00ACC58E /* ReachStateLoading.swift in Sources */ = {isa = PBXBuildFile; fileRef = 03F1FFB01C7EAB3E00ACC58E /* ReachStateLoading.swift */; };
		03F1FFB31C7EAB6000ACC58E /* ReachStateUnloaded.swift in Sources */ = {isa = PBXBuildFile; fileRef = 03F1FFB21C7EAB6000ACC58E /* ReachStateUnloaded.swift */; };
		03F1FFB51C7EAB7A00ACC58E /* ReachStateUnReachable.swift in Sources */ = {isa = PBXBuildFile; fileRef = 03F1FFB41C7EAB7A00ACC58E /* ReachStateUnReachable.swift */; };
		03F1FFB71C7EAB8D00ACC58E /* ReachStateWIFI.swift in Sources */ = {isa = PBXBuildFile; fileRef = 03F1FFB61C7EAB8D00ACC58E /* ReachStateWIFI.swift */; };
		03F1FFB91C7EAB9E00ACC58E /* ReachStateWWAN.swift in Sources */ = {isa = PBXBuildFile; fileRef = 03F1FFB81C7EAB9E00ACC58E /* ReachStateWWAN.swift */; };
/* End PBXBuildFile section */

/* Begin PBXFileReference section */
		037462FC1C7E190F00B619F3 /* ReachabilitySwift.app */ = {isa = PBXFileReference; explicitFileType = wrapper.application; includeInIndex = 0; path = ReachabilitySwift.app; sourceTree = BUILT_PRODUCTS_DIR; };
		037462FF1C7E190F00B619F3 /* AppDelegate.swift */ = {isa = PBXFileReference; lastKnownFileType = sourcecode.swift; path = AppDelegate.swift; sourceTree = "<group>"; };
		037463011C7E190F00B619F3 /* ViewController.swift */ = {isa = PBXFileReference; lastKnownFileType = sourcecode.swift; path = ViewController.swift; sourceTree = "<group>"; };
		037463041C7E190F00B619F3 /* Base */ = {isa = PBXFileReference; lastKnownFileType = file.storyboard; name = Base; path = Base.lproj/Main.storyboard; sourceTree = "<group>"; };
		037463061C7E190F00B619F3 /* Assets.xcassets */ = {isa = PBXFileReference; lastKnownFileType = folder.assetcatalog; path = Assets.xcassets; sourceTree = "<group>"; };
		037463091C7E190F00B619F3 /* Base */ = {isa = PBXFileReference; lastKnownFileType = file.storyboard; name = Base; path = Base.lproj/LaunchScreen.storyboard; sourceTree = "<group>"; };
		0374630B1C7E190F00B619F3 /* Info.plist */ = {isa = PBXFileReference; lastKnownFileType = text.plist.xml; path = Info.plist; sourceTree = "<group>"; };
		037463121C7E1A6800B619F3 /* MNReachability.swift */ = {isa = PBXFileReference; fileEncoding = 4; lastKnownFileType = sourcecode.swift; path = MNReachability.swift; sourceTree = "<group>"; };
		03CBDDA11C81A17F00A8B6D0 /* CFNetwork.framework */ = {isa = PBXFileReference; lastKnownFileType = wrapper.framework; name = CFNetwork.framework; path = System/Library/Frameworks/CFNetwork.framework; sourceTree = SDKROOT; };
		03F1FFA41C7EA85E00ACC58E /* LocalConnection.swift */ = {isa = PBXFileReference; fileEncoding = 4; lastKnownFileType = sourcecode.swift; path = LocalConnection.swift; sourceTree = "<group>"; };
		03F1FFA61C7EA88E00ACC58E /* PingFoundation.swift */ = {isa = PBXFileReference; fileEncoding = 4; lastKnownFileType = sourcecode.swift; path = PingFoundation.swift; sourceTree = "<group>"; };
		03F1FFA81C7EA89D00ACC58E /* PingHelper.swift */ = {isa = PBXFileReference; fileEncoding = 4; lastKnownFileType = sourcecode.swift; path = PingHelper.swift; sourceTree = "<group>"; };
		03F1FFAA1C7EAAFF00ACC58E /* FSMEngine.swift */ = {isa = PBXFileReference; fileEncoding = 4; lastKnownFileType = sourcecode.swift; path = FSMEngine.swift; sourceTree = "<group>"; };
		03F1FFAC1C7EAB1200ACC58E /* FSMStateUtil.swift */ = {isa = PBXFileReference; fileEncoding = 4; lastKnownFileType = sourcecode.swift; path = FSMStateUtil.swift; sourceTree = "<group>"; };
		03F1FFAE1C7EAB2800ACC58E /* ReachState.swift */ = {isa = PBXFileReference; fileEncoding = 4; lastKnownFileType = sourcecode.swift; path = ReachState.swift; sourceTree = "<group>"; };
		03F1FFB01C7EAB3E00ACC58E /* ReachStateLoading.swift */ = {isa = PBXFileReference; fileEncoding = 4; lastKnownFileType = sourcecode.swift; path = ReachStateLoading.swift; sourceTree = "<group>"; };
		03F1FFB21C7EAB6000ACC58E /* ReachStateUnloaded.swift */ = {isa = PBXFileReference; fileEncoding = 4; lastKnownFileType = sourcecode.swift; path = ReachStateUnloaded.swift; sourceTree = "<group>"; };
		03F1FFB41C7EAB7A00ACC58E /* ReachStateUnReachable.swift */ = {isa = PBXFileReference; fileEncoding = 4; lastKnownFileType = sourcecode.swift; path = ReachStateUnReachable.swift; sourceTree = "<group>"; };
		03F1FFB61C7EAB8D00ACC58E /* ReachStateWIFI.swift */ = {isa = PBXFileReference; fileEncoding = 4; lastKnownFileType = sourcecode.swift; path = ReachStateWIFI.swift; sourceTree = "<group>"; };
		03F1FFB81C7EAB9E00ACC58E /* ReachStateWWAN.swift */ = {isa = PBXFileReference; fileEncoding = 4; lastKnownFileType = sourcecode.swift; path = ReachStateWWAN.swift; sourceTree = "<group>"; };
/* End PBXFileReference section */

/* Begin PBXFrameworksBuildPhase section */
		037462F91C7E190F00B619F3 /* Frameworks */ = {
			isa = PBXFrameworksBuildPhase;
			buildActionMask = 2147483647;
			files = (
				03CBDDA21C81A17F00A8B6D0 /* CFNetwork.framework in Frameworks */,
			);
			runOnlyForDeploymentPostprocessing = 0;
		};
/* End PBXFrameworksBuildPhase section */

/* Begin PBXGroup section */
		037462F31C7E190F00B619F3 = {
			isa = PBXGroup;
			children = (
				03CBDDA11C81A17F00A8B6D0 /* CFNetwork.framework */,
				037462FE1C7E190F00B619F3 /* ReachabilitySwift */,
				037462FD1C7E190F00B619F3 /* Products */,
			);
			sourceTree = "<group>";
		};
		037462FD1C7E190F00B619F3 /* Products */ = {
			isa = PBXGroup;
			children = (
				037462FC1C7E190F00B619F3 /* ReachabilitySwift.app */,
			);
			name = Products;
			sourceTree = "<group>";
		};
		037462FE1C7E190F00B619F3 /* ReachabilitySwift */ = {
			isa = PBXGroup;
			children = (
				037463111C7E1A3D00B619F3 /* MNReachability */,
				037462FF1C7E190F00B619F3 /* AppDelegate.swift */,
				037463011C7E190F00B619F3 /* ViewController.swift */,
				037463031C7E190F00B619F3 /* Main.storyboard */,
				037463061C7E190F00B619F3 /* Assets.xcassets */,
				037463081C7E190F00B619F3 /* LaunchScreen.storyboard */,
				0374630B1C7E190F00B619F3 /* Info.plist */,
			);
			path = ReachabilitySwift;
			sourceTree = "<group>";
		};
		037463111C7E1A3D00B619F3 /* MNReachability */ = {
			isa = PBXGroup;
			children = (
				03F1FFA11C7EA84400ACC58E /* Connection */,
				03F1FFA21C7EA84400ACC58E /* FSM */,
				03F1FFA31C7EA84400ACC58E /* Ping */,
				037463121C7E1A6800B619F3 /* MNReachability.swift */,
			);
			path = MNReachability;
			sourceTree = "<group>";
		};
		03F1FFA11C7EA84400ACC58E /* Connection */ = {
			isa = PBXGroup;
			children = (
				03F1FFA41C7EA85E00ACC58E /* LocalConnection.swift */,
			);
			path = Connection;
			sourceTree = "<group>";
		};
		03F1FFA21C7EA84400ACC58E /* FSM */ = {
			isa = PBXGroup;
			children = (
				03F1FFAA1C7EAAFF00ACC58E /* FSMEngine.swift */,
				03F1FFAC1C7EAB1200ACC58E /* FSMStateUtil.swift */,
				03F1FFAE1C7EAB2800ACC58E /* ReachState.swift */,
				03F1FFB01C7EAB3E00ACC58E /* ReachStateLoading.swift */,
				03F1FFB21C7EAB6000ACC58E /* ReachStateUnloaded.swift */,
				03F1FFB41C7EAB7A00ACC58E /* ReachStateUnReachable.swift */,
				03F1FFB61C7EAB8D00ACC58E /* ReachStateWIFI.swift */,
				03F1FFB81C7EAB9E00ACC58E /* ReachStateWWAN.swift */,
			);
			path = FSM;
			sourceTree = "<group>";
		};
		03F1FFA31C7EA84400ACC58E /* Ping */ = {
			isa = PBXGroup;
			children = (
				03F1FFA61C7EA88E00ACC58E /* PingFoundation.swift */,
				03F1FFA81C7EA89D00ACC58E /* PingHelper.swift */,
			);
			path = Ping;
			sourceTree = "<group>";
		};
/* End PBXGroup section */

/* Begin PBXNativeTarget section */
		037462FB1C7E190F00B619F3 /* ReachabilitySwift */ = {
			isa = PBXNativeTarget;
			buildConfigurationList = 0374630E1C7E190F00B619F3 /* Build configuration list for PBXNativeTarget "ReachabilitySwift" */;
			buildPhases = (
				037462F81C7E190F00B619F3 /* Sources */,
				037462F91C7E190F00B619F3 /* Frameworks */,
				037462FA1C7E190F00B619F3 /* Resources */,
			);
			buildRules = (
			);
			dependencies = (
			);
			name = ReachabilitySwift;
			productName = ReachabilitySwift;
			productReference = 037462FC1C7E190F00B619F3 /* ReachabilitySwift.app */;
			productType = "com.apple.product-type.application";
		};
/* End PBXNativeTarget section */

/* Begin PBXProject section */
		037462F41C7E190F00B619F3 /* Project object */ = {
			isa = PBXProject;
			attributes = {
				LastSwiftUpdateCheck = 0720;
				LastUpgradeCheck = 0720;
				ORGANIZATIONNAME = "com.*";
				TargetAttributes = {
					037462FB1C7E190F00B619F3 = {
						CreatedOnToolsVersion = 7.2;
					};
				};
			};
			buildConfigurationList = 037462F71C7E190F00B619F3 /* Build configuration list for PBXProject "ReachabilitySwift" */;
			compatibilityVersion = "Xcode 3.2";
			developmentRegion = English;
			hasScannedForEncodings = 0;
			knownRegions = (
				en,
				Base,
			);
			mainGroup = 037462F31C7E190F00B619F3;
			productRefGroup = 037462FD1C7E190F00B619F3 /* Products */;
			projectDirPath = "";
			projectRoot = "";
			targets = (
				037462FB1C7E190F00B619F3 /* ReachabilitySwift */,
			);
		};
/* End PBXProject section */

/* Begin PBXResourcesBuildPhase section */
		037462FA1C7E190F00B619F3 /* Resources */ = {
			isa = PBXResourcesBuildPhase;
			buildActionMask = 2147483647;
			files = (
				0374630A1C7E190F00B619F3 /* LaunchScreen.storyboard in Resources */,
				037463071C7E190F00B619F3 /* Assets.xcassets in Resources */,
				037463051C7E190F00B619F3 /* Main.storyboard in Resources */,
			);
			runOnlyForDeploymentPostprocessing = 0;
		};
/* End PBXResourcesBuildPhase section */

/* Begin PBXSourcesBuildPhase section */
		037462F81C7E190F00B619F3 /* Sources */ = {
			isa = PBXSourcesBuildPhase;
			buildActionMask = 2147483647;
			files = (
				03F1FFA71C7EA88E00ACC58E /* PingFoundation.swift in Sources */,
				037463021C7E190F00B619F3 /* ViewController.swift in Sources */,
				03F1FFB11C7EAB3E00ACC58E /* ReachStateLoading.swift in Sources */,
				03F1FFAD1C7EAB1200ACC58E /* FSMStateUtil.swift in Sources */,
				037463131C7E1A6800B619F3 /* MNReachability.swift in Sources */,
				03F1FFB71C7EAB8D00ACC58E /* ReachStateWIFI.swift in Sources */,
				03F1FFA91C7EA89D00ACC58E /* PingHelper.swift in Sources */,
				037463001C7E190F00B619F3 /* AppDelegate.swift in Sources */,
				03F1FFB91C7EAB9E00ACC58E /* ReachStateWWAN.swift in Sources */,
				03F1FFAF1C7EAB2800ACC58E /* ReachState.swift in Sources */,
				03F1FFB51C7EAB7A00ACC58E /* ReachStateUnReachable.swift in Sources */,
				03F1FFB31C7EAB6000ACC58E /* ReachStateUnloaded.swift in Sources */,
				03F1FFA51C7EA85E00ACC58E /* LocalConnection.swift in Sources */,
				03F1FFAB1C7EAAFF00ACC58E /* FSMEngine.swift in Sources */,
			);
			runOnlyForDeploymentPostprocessing = 0;
		};
/* End PBXSourcesBuildPhase section */

/* Begin PBXVariantGroup section */
		037463031C7E190F00B619F3 /* Main.storyboard */ = {
			isa = PBXVariantGroup;
			children = (
				037463041C7E190F00B619F3 /* Base */,
			);
			name = Main.storyboard;
			sourceTree = "<group>";
		};
		037463081C7E190F00B619F3 /* LaunchScreen.storyboard */ = {
			isa = PBXVariantGroup;
			children = (
				037463091C7E190F00B619F3 /* Base */,
			);
			name = LaunchScreen.storyboard;
			sourceTree = "<group>";
		};
/* End PBXVariantGroup section */

/* Begin XCBuildConfiguration section */
		0374630C1C7E190F00B619F3 /* Debug */ = {
			isa = XCBuildConfiguration;
			buildSettings = {
				ALWAYS_SEARCH_USER_PATHS = NO;
				CLANG_CXX_LANGUAGE_STANDARD = "gnu++0x";
				CLANG_CXX_LIBRARY = "libc++";
				CLANG_ENABLE_MODULES = YES;
				CLANG_ENABLE_OBJC_ARC = YES;
				CLANG_WARN_BOOL_CONVERSION = YES;
				CLANG_WARN_CONSTANT_CONVERSION = YES;
				CLANG_WARN_DIRECT_OBJC_ISA_USAGE = YES_ERROR;
				CLANG_WARN_EMPTY_BODY = YES;
				CLANG_WARN_ENUM_CONVERSION = YES;
				CLANG_WARN_INT_CONVERSION = YES;
				CLANG_WARN_OBJC_ROOT_CLASS = YES_ERROR;
				CLANG_WARN_UNREACHABLE_CODE = YES;
				CLANG_WARN__DUPLICATE_METHOD_MATCH = YES;
				"CODE_SIGN_IDENTITY[sdk=iphoneos*]" = "iPhone Developer";
				COPY_PHASE_STRIP = NO;
				DEBUG_INFORMATION_FORMAT = dwarf;
				ENABLE_STRICT_OBJC_MSGSEND = YES;
				ENABLE_TESTABILITY = YES;
				GCC_C_LANGUAGE_STANDARD = gnu99;
				GCC_DYNAMIC_NO_PIC = NO;
				GCC_NO_COMMON_BLOCKS = YES;
				GCC_OPTIMIZATION_LEVEL = 0;
				GCC_PREPROCESSOR_DEFINITIONS = (
					"DEBUG=1",
					"$(inherited)",
				);
				GCC_WARN_64_TO_32_BIT_CONVERSION = YES;
				GCC_WARN_ABOUT_RETURN_TYPE = YES_ERROR;
				GCC_WARN_UNDECLARED_SELECTOR = YES;
				GCC_WARN_UNINITIALIZED_AUTOS = YES_AGGRESSIVE;
				GCC_WARN_UNUSED_FUNCTION = YES;
				GCC_WARN_UNUSED_VARIABLE = YES;
				IPHONEOS_DEPLOYMENT_TARGET = 9.2;
				MTL_ENABLE_DEBUG_INFO = YES;
				ONLY_ACTIVE_ARCH = YES;
				SDKROOT = iphoneos;
				SWIFT_OPTIMIZATION_LEVEL = "-Onone";
			};
			name = Debug;
		};
		0374630D1C7E190F00B619F3 /* Release */ = {
			isa = XCBuildConfiguration;
			buildSettings = {
				ALWAYS_SEARCH_USER_PATHS = NO;
				CLANG_CXX_LANGUAGE_STANDARD = "gnu++0x";
				CLANG_CXX_LIBRARY = "libc++";
				CLANG_ENABLE_MODULES = YES;
				CLANG_ENABLE_OBJC_ARC = YES;
				CLANG_WARN_BOOL_CONVERSION = YES;
				CLANG_WARN_CONSTANT_CONVERSION = YES;
				CLANG_WARN_DIRECT_OBJC_ISA_USAGE = YES_ERROR;
				CLANG_WARN_EMPTY_BODY = YES;
				CLANG_WARN_ENUM_CONVERSION = YES;
				CLANG_WARN_INT_CONVERSION = YES;
				CLANG_WARN_OBJC_ROOT_CLASS = YES_ERROR;
				CLANG_WARN_UNREACHABLE_CODE = YES;
				CLANG_WARN__DUPLICATE_METHOD_MATCH = YES;
				"CODE_SIGN_IDENTITY[sdk=iphoneos*]" = "iPhone Developer";
				COPY_PHASE_STRIP = NO;
				DEBUG_INFORMATION_FORMAT = "dwarf-with-dsym";
				ENABLE_NS_ASSERTIONS = NO;
				ENABLE_STRICT_OBJC_MSGSEND = YES;
				GCC_C_LANGUAGE_STANDARD = gnu99;
				GCC_NO_COMMON_BLOCKS = YES;
				GCC_WARN_64_TO_32_BIT_CONVERSION = YES;
				GCC_WARN_ABOUT_RETURN_TYPE = YES_ERROR;
				GCC_WARN_UNDECLARED_SELECTOR = YES;
				GCC_WARN_UNINITIALIZED_AUTOS = YES_AGGRESSIVE;
				GCC_WARN_UNUSED_FUNCTION = YES;
				GCC_WARN_UNUSED_VARIABLE = YES;
				IPHONEOS_DEPLOYMENT_TARGET = 9.2;
				MTL_ENABLE_DEBUG_INFO = NO;
				SDKROOT = iphoneos;
				VALIDATE_PRODUCT = YES;
			};
			name = Release;
		};
		0374630F1C7E190F00B619F3 /* Debug */ = {
			isa = XCBuildConfiguration;
			buildSettings = {
				ASSETCATALOG_COMPILER_APPICON_NAME = AppIcon;
				INFOPLIST_FILE = ReachabilitySwift/Info.plist;
				LD_RUNPATH_SEARCH_PATHS = "$(inherited) @executable_path/Frameworks";
				PRODUCT_BUNDLE_IDENTIFIER = mosn.ReachabilitySwift;
				PRODUCT_NAME = "$(TARGET_NAME)";
			};
			name = Debug;
		};
		037463101C7E190F00B619F3 /* Release */ = {
			isa = XCBuildConfiguration;
			buildSettings = {
				ASSETCATALOG_COMPILER_APPICON_NAME = AppIcon;
				INFOPLIST_FILE = ReachabilitySwift/Info.plist;
				LD_RUNPATH_SEARCH_PATHS = "$(inherited) @executable_path/Frameworks";
				PRODUCT_BUNDLE_IDENTIFIER = mosn.ReachabilitySwift;
				PRODUCT_NAME = "$(TARGET_NAME)";
			};
			name = Release;
		};
/* End XCBuildConfiguration section */

/* Begin XCConfigurationList section */
		037462F71C7E190F00B619F3 /* Build configuration list for PBXProject "ReachabilitySwift" */ = {
			isa = XCConfigurationList;
			buildConfigurations = (
				0374630C1C7E190F00B619F3 /* Debug */,
				0374630D1C7E190F00B619F3 /* Release */,
			);
			defaultConfigurationIsVisible = 0;
			defaultConfigurationName = Release;
		};
		0374630E1C7E190F00B619F3 /* Build configuration list for PBXNativeTarget "ReachabilitySwift" */ = {
			isa = XCConfigurationList;
			buildConfigurations = (
				0374630F1C7E190F00B619F3 /* Debug */,
				037463101C7E190F00B619F3 /* Release */,
			);
			defaultConfigurationIsVisible = 0;
			defaultConfigurationName = Release;
		};
/* End XCConfigurationList section */
	};
	rootObject = 037462F41C7E190F00B619F3 /* Project object */;
}
